{
	"name": "edabit-downloader",
	"version": "1.0.0",
	"lockfileVersion": 1,
	"requires": true,
	"dependencies": {
		"@apify/consts": {
			"version": "2.12.2",
			"resolved": "https://registry.npmjs.org/@apify/consts/-/consts-2.12.2.tgz",
			"integrity": "sha512-m5USfF8q0YlRgdDI79eodYYRZn1sBj9AqjDYDkqGVS2G2a3nZfvZccsOVAIEOUrtVVswOrYI4reMBgwRZzdmRA=="
		},
		"@apify/datastructures": {
			"version": "2.0.0",
			"resolved": "https://registry.npmjs.org/@apify/datastructures/-/datastructures-2.0.0.tgz",
			"integrity": "sha512-O7I31PvG4Qb/Zc2lAIkSUBRDLKDKLrmqtWG3Ea8To5xvbPKdiLuVx3IuAzjCs1UQVTbhN590Sw5xBoFghreAYA=="
		},
		"@apify/input_secrets": {
			"version": "1.1.15",
			"resolved": "https://registry.npmjs.org/@apify/input_secrets/-/input_secrets-1.1.15.tgz",
			"integrity": "sha512-WspqhBkOFxh2nGUmA4yMqzjY3YXJm+SMnVmteg8RYfG71/I4il4+qvjPdyAlO8flTu28gbtHTDdDPzRoh5rKDw==",
			"requires": {
				"@apify/log": "^2.2.11",
				"@apify/utilities": "^2.3.7",
				"ow": "^0.28.2"
			}
		},
		"@apify/log": {
			"version": "2.2.11",
			"resolved": "https://registry.npmjs.org/@apify/log/-/log-2.2.11.tgz",
			"integrity": "sha512-8nXGXoaNj8NBg+Hz20EKD8CvI2EWN35T4CvLd84o5Y1KDaC8YhHfz/qfAGxbgzBd4kAAUnUHgBZhahdJMLc6oA==",
			"requires": {
				"@apify/consts": "^2.12.2",
				"ansi-colors": "^4.1.1"
			}
		},
		"@apify/ps-tree": {
			"version": "1.2.0",
			"resolved": "https://registry.npmjs.org/@apify/ps-tree/-/ps-tree-1.2.0.tgz",
			"integrity": "sha512-VHIswI7rD/R4bToeIDuJ9WJXt+qr5SdhfoZ9RzdjmCs9mgy7l0P4RugQEUCcU+WB4sfImbd4CKwzXcn0uYx1yw==",
			"requires": {
				"event-stream": "3.3.4"
			}
		},
		"@apify/pseudo_url": {
			"version": "2.0.17",
			"resolved": "https://registry.npmjs.org/@apify/pseudo_url/-/pseudo_url-2.0.17.tgz",
			"integrity": "sha512-9qnWO/IyZwuqXwcMK6H2BxYOdgtg7sxufso4S9rmeelDNht0sri5sdRI5OR0sUi3BcHa6kYhK4MOxMZD82Oi1g==",
			"requires": {
				"@apify/log": "^2.2.11",
				"@sapphire/shapeshift": "^3.6.0"
			}
		},
		"@apify/timeout": {
			"version": "0.3.0",
			"resolved": "https://registry.npmjs.org/@apify/timeout/-/timeout-0.3.0.tgz",
			"integrity": "sha512-jLwg4vC1hHsU1UWbwO5suYFGPBANPy5Dovc6P9y56TZ1B2RsRYjfDaX3BdfaAa6E2akib19EinF9EjuN13m5AA=="
		},
		"@apify/utilities": {
			"version": "2.3.7",
			"resolved": "https://registry.npmjs.org/@apify/utilities/-/utilities-2.3.7.tgz",
			"integrity": "sha512-1a91qAsp+yga8rl7PFkU+yiKfRTESr76ECvdEelJiZx9Do+l+DtxwRsBOIqpGumizgl/Ku9t1in6V8xmDd0g2A==",
			"requires": {
				"@apify/consts": "^2.12.2",
				"@apify/log": "^2.2.11"
			}
		},
		"@crawlee/core": {
			"version": "3.3.0",
			"resolved": "https://registry.npmjs.org/@crawlee/core/-/core-3.3.0.tgz",
			"integrity": "sha512-rG/ZoCSi18m57UQGWcO3n9EicMEn3ZGvbYcdXwcRgLNkeZ5wNTaV8rFcOxX5vqZwCvnyp8bWlHpZV61c21yN4Q==",
			"requires": {
				"@apify/consts": "^2.0.0",
				"@apify/datastructures": "^2.0.0",
				"@apify/log": "^2.0.0",
				"@apify/pseudo_url": "^2.0.0",
				"@apify/timeout": "^0.3.0",
				"@apify/utilities": "^2.0.0",
				"@crawlee/memory-storage": "^3.3.0",
				"@crawlee/types": "^3.3.0",
				"@crawlee/utils": "^3.3.0",
				"@types/tough-cookie": "^4.0.2",
				"@vladfrangu/async_event_emitter": "^2.0.0",
				"csv-stringify": "^6.2.0",
				"fs-extra": "^11.0.0",
				"json5": "^2.2.3",
				"minimatch": "^7.0.0",
				"ow": "^0.28.1",
				"stream-chain": "^2.2.5",
				"stream-json": "^1.7.4",
				"tldts": "^5.7.80",
				"tough-cookie": "^4.0.0",
				"tslib": "^2.4.0",
				"type-fest": "^3.0.0"
			}
		},
		"@crawlee/memory-storage": {
			"version": "3.3.0",
			"resolved": "https://registry.npmjs.org/@crawlee/memory-storage/-/memory-storage-3.3.0.tgz",
			"integrity": "sha512-Xfbvt87pzsHzSbSeZmHaCXgGb9c0AEpqxK5HKFo9WAS9sTh214wgwxKhWZ1pSbSYVnae7e1ZFIvX/TIGUwYZMw==",
			"requires": {
				"@apify/log": "^2.0.0",
				"@crawlee/types": "^3.3.0",
				"@sapphire/async-queue": "^1.5.0",
				"@sapphire/shapeshift": "^3.0.0",
				"content-type": "^1.0.4",
				"fs-extra": "^11.0.0",
				"json5": "^2.2.3",
				"mime-types": "^2.1.35",
				"proper-lockfile": "^4.1.2",
				"tslib": "^2.4.0"
			}
		},
		"@crawlee/types": {
			"version": "3.3.0",
			"resolved": "https://registry.npmjs.org/@crawlee/types/-/types-3.3.0.tgz",
			"integrity": "sha512-U6vye8eY3eIN5rNse/aAXjtj7+iYI7te1rUC5mIVAGDeEIsze6h6EVUmboeatyvqnOYrZPa03j/rATZK8j8S6g==",
			"requires": {
				"tslib": "^2.4.0"
			}
		},
		"@crawlee/utils": {
			"version": "3.3.0",
			"resolved": "https://registry.npmjs.org/@crawlee/utils/-/utils-3.3.0.tgz",
			"integrity": "sha512-dxGQ/ssiOF59F+ZIIFxDVUGaJm5BCp9zB/HCC2ocMPprQtA/XE7NoWHmGoQdeBB1TQUlwFT7PbljmyR+szAuCA==",
			"requires": {
				"@apify/log": "^2.0.0",
				"@apify/ps-tree": "^1.1.4",
				"@crawlee/types": "^3.3.0",
				"cheerio": "1.0.0-rc.12",
				"got-scraping": "^3.2.9",
				"ow": "^0.28.1",
				"tslib": "^2.4.0"
			}
		},
		"@sapphire/async-queue": {
			"version": "1.5.0",
			"resolved": "https://registry.npmjs.org/@sapphire/async-queue/-/async-queue-1.5.0.tgz",
			"integrity": "sha512-JkLdIsP8fPAdh9ZZjrbHWR/+mZj0wvKS5ICibcLrRI1j84UmLMshx5n9QmL8b95d4onJ2xxiyugTgSAX7AalmA=="
		},
		"@sapphire/shapeshift": {
			"version": "3.8.2",
			"resolved": "https://registry.npmjs.org/@sapphire/shapeshift/-/shapeshift-3.8.2.tgz",
			"integrity": "sha512-NXpnJAsxN3/h9TqQPntOeVWZrpIuucqXI3IWF6tj2fWCoRLCuVK5wx7Dtg7pRrtkYfsMUbDqgKoX26vrC5iYfA==",
			"requires": {
				"fast-deep-equal": "^3.1.3",
				"lodash": "^4.17.21"
			}
		},
		"@sindresorhus/is": {
			"version": "4.6.0",
			"resolved": "https://registry.npmjs.org/@sindresorhus/is/-/is-4.6.0.tgz",
			"integrity": "sha512-t09vSN3MdfsyCHoFcTRCH/iUtG7OJ0CsjzB8cjAmKc/va/kIgeDI/TxsigdncE/4be734m0cvIYwNaV4i2XqAw=="
		},
		"@szmarczak/http-timer": {
			"version": "4.0.6",
			"resolved": "https://registry.npmjs.org/@szmarczak/http-timer/-/http-timer-4.0.6.tgz",
			"integrity": "sha512-4BAffykYOgO+5nzBWYwE3W90sBgLJoUPRWWcL8wlyiM8IB8ipJz3UMJ9KXQd1RKQXpKp8Tutn80HZtWsu2u76w==",
			"requires": {
				"defer-to-connect": "^2.0.0"
			}
		},
		"@types/node": {
			"version": "18.15.11",
			"resolved": "https://registry.npmjs.org/@types/node/-/node-18.15.11.tgz",
			"integrity": "sha512-E5Kwq2n4SbMzQOn6wnmBjuK9ouqlURrcZDVfbo9ftDDTFt3nk7ZKK4GMOzoYgnpQJKcxwQw+lGaBvvlMo0qN/Q=="
		},
		"@types/responselike": {
			"version": "1.0.0",
			"resolved": "https://registry.npmjs.org/@types/responselike/-/responselike-1.0.0.tgz",
			"integrity": "sha512-85Y2BjiufFzaMIlvJDvTTB8Fxl2xfLo4HgmHzVBz08w4wDePCTjYw66PdrolO0kzli3yam/YCgRufyo1DdQVTA==",
			"requires": {
				"@types/node": "*"
			}
		},
		"@types/tough-cookie": {
			"version": "4.0.2",
			"resolved": "https://registry.npmjs.org/@types/tough-cookie/-/tough-cookie-4.0.2.tgz",
			"integrity": "sha512-Q5vtl1W5ue16D+nIaW8JWebSSraJVlK+EthKn7e7UcD4KWsaSJ8BqGPXNaPghgtcn/fhvrN17Tv8ksUsQpiplw=="
		},
		"@vladfrangu/async_event_emitter": {
			"version": "2.2.1",
			"resolved": "https://registry.npmjs.org/@vladfrangu/async_event_emitter/-/async_event_emitter-2.2.1.tgz",
			"integrity": "sha512-XtUEAS0m6uVddXW+EImGunLiJZzWNWAZQBoQCUneowrYXPQ6y7c0iWEm/wVYyGpTixTIhUfLRSoYCwojL64htA=="
		},
		"adm-zip": {
			"version": "0.5.10",
			"resolved": "https://registry.npmjs.org/adm-zip/-/adm-zip-0.5.10.tgz",
			"integrity": "sha512-x0HvcHqVJNTPk/Bw8JbLWlWoo6Wwnsug0fnYYro1HBrjxZ3G7/AZk7Ahv8JwDe1uIcz8eBqvu86FuF1POiG7vQ=="
		},
		"agentkeepalive": {
			"version": "4.3.0",
			"resolved": "https://registry.npmjs.org/agentkeepalive/-/agentkeepalive-4.3.0.tgz",
			"integrity": "sha512-7Epl1Blf4Sy37j4v9f9FjICCh4+KAQOyXgHEwlyBiAQLbhKdq/i2QQU3amQalS/wPhdPzDXPL5DMR5bkn+YeWg==",
			"requires": {
				"debug": "^4.1.0",
				"depd": "^2.0.0",
				"humanize-ms": "^1.2.1"
			}
		},
		"ansi-colors": {
			"version": "4.1.3",
			"resolved": "https://registry.npmjs.org/ansi-colors/-/ansi-colors-4.1.3.tgz",
			"integrity": "sha512-/6w/C21Pm1A7aZitlI5Ni/2J6FFQN8i1Cvz3kHABAAbw93v/NlvKdVOqz7CCWz/3iv/JplRSEEZ83XION15ovw=="
		},
		"apify": {
			"version": "3.1.4",
			"resolved": "https://registry.npmjs.org/apify/-/apify-3.1.4.tgz",
			"integrity": "sha512-AG0Ys2S0lmdw3YYFFsZdslB92mrB/Vo+MtLdJsOt2m1utBMa+mLao1+0CcabQ9UNBK+U8f8in2Rurby1l4cEVg==",
			"requires": {
				"@apify/consts": "^2.4.1",
				"@apify/input_secrets": "^1.1.0",
				"@apify/log": "^2.1.4",
				"@apify/timeout": "^0.3.0",
				"@apify/utilities": "^2.2.2",
				"@crawlee/core": "^3.3.0",
				"@crawlee/types": "^3.3.0",
				"@crawlee/utils": "^3.3.0",
				"apify-client": "^2.6.3",
				"ow": "^0.28.1",
				"semver": "^7.3.7",
				"tslib": "^2.4.0",
				"ws": "^7.5.9"
			}
		},
		"apify-client": {
			"version": "2.7.1",
			"resolved": "https://registry.npmjs.org/apify-client/-/apify-client-2.7.1.tgz",
			"integrity": "sha512-xiABLtvT8Zs/MtTmmdB5JM7bbS0lMNcpxh+mSX6kkCkGZyv/u9Xma0B45nMxIxzMneH0eAQcBOpqQ0R+mmB8Dg==",
			"requires": {
				"@apify/consts": "^2.9.0",
				"@apify/log": "^2.2.6",
				"@crawlee/types": "^3.3.0",
				"agentkeepalive": "^4.2.1",
				"async-retry": "^1.3.3",
				"axios": "^0.21.1",
				"content-type": "^1.0.5",
				"ow": "^0.28.2",
				"tslib": "^2.5.0",
				"type-fest": "^3.6.1"
			}
		},
		"async-retry": {
			"version": "1.3.3",
			"resolved": "https://registry.npmjs.org/async-retry/-/async-retry-1.3.3.tgz",
			"integrity": "sha512-wfr/jstw9xNi/0teMHrRW7dsz3Lt5ARhYNZ2ewpadnhaIp5mbALhOAP+EAdsC7t4Z6wqsDVv9+W6gm1Dk9mEyw==",
			"requires": {
				"retry": "0.13.1"
			},
			"dependencies": {
				"retry": {
					"version": "0.13.1",
					"resolved": "https://registry.npmjs.org/retry/-/retry-0.13.1.tgz",
					"integrity": "sha512-XQBQ3I8W1Cge0Seh+6gjj03LbmRFWuoszgK9ooCpwYIrhhoO80pfq4cUkU5DkknwfOfFteRwlZ56PYOGYyFWdg=="
				}
			}
		},
		"axios": {
			"version": "0.21.4",
			"resolved": "https://registry.npmjs.org/axios/-/axios-0.21.4.tgz",
			"integrity": "sha512-ut5vewkiu8jjGBdqpM44XxjuCjq9LAKeHVmoVfHVzy8eHgxxq8SbAVQNovDA8mVi05kP0Ea/n/UzcSHcTJQfNg==",
			"requires": {
				"follow-redirects": "^1.14.0"
			}
		},
		"balanced-match": {
			"version": "1.0.2",
			"resolved": "https://registry.npmjs.org/balanced-match/-/balanced-match-1.0.2.tgz",
			"integrity": "sha512-3oSeUO0TMV67hN1AmbXsK4yaqU7tjiHlbxRDZOpH0KW9+CeX4bRAaX0Anxt0tx2MrpRpWwQaPwIlISEJhYU5Pw=="
		},
		"boolbase": {
			"version": "1.0.0",
			"resolved": "https://registry.npmjs.org/boolbase/-/boolbase-1.0.0.tgz",
			"integrity": "sha512-JZOSA7Mo9sNGB8+UjSgzdLtokWAky1zbztM3WRLCbZ70/3cTANmQmOdR7y2g+J0e2WXywy1yS468tY+IruqEww=="
		},
		"brace-expansion": {
			"version": "2.0.1",
			"resolved": "https://registry.npmjs.org/brace-expansion/-/brace-expansion-2.0.1.tgz",
			"integrity": "sha512-XnAIvQ8eM+kC6aULx6wuQiwVsnzsi9d3WxzV3FpWTGA19F621kwdbsAcFKXgKUHZWsy+mY6iL1sHTxWEFCytDA==",
			"requires": {
				"balanced-match": "^1.0.0"
			}
		},
		"browserslist": {
			"version": "4.21.5",
			"resolved": "https://registry.npmjs.org/browserslist/-/browserslist-4.21.5.tgz",
			"integrity": "sha512-tUkiguQGW7S3IhB7N+c2MV/HZPSCPAAiYBZXLsBhFB/PCy6ZKKsZrmBayHV9fdGV/ARIfJ14NkxKzRDjvp7L6w==",
			"requires": {
				"caniuse-lite": "^1.0.30001449",
				"electron-to-chromium": "^1.4.284",
				"node-releases": "^2.0.8",
				"update-browserslist-db": "^1.0.10"
			}
		},
		"cacheable-lookup": {
			"version": "6.1.0",
			"resolved": "https://registry.npmjs.org/cacheable-lookup/-/cacheable-lookup-6.1.0.tgz",
			"integrity": "sha512-KJ/Dmo1lDDhmW2XDPMo+9oiy/CeqosPguPCrgcVzKyZrL6pM1gU2GmPY/xo6OQPTUaA/c0kwHuywB4E6nmT9ww=="
		},
		"cacheable-request": {
			"version": "7.0.2",
			"resolved": "https://registry.npmjs.org/cacheable-request/-/cacheable-request-7.0.2.tgz",
			"integrity": "sha512-pouW8/FmiPQbuGpkXQ9BAPv/Mo5xDGANgSNXzTzJ8DrKGuXOssM4wIQRjfanNRh3Yu5cfYPvcorqbhg2KIJtew==",
			"requires": {
				"clone-response": "^1.0.2",
				"get-stream": "^5.1.0",
				"http-cache-semantics": "^4.0.0",
				"keyv": "^4.0.0",
				"lowercase-keys": "^2.0.0",
				"normalize-url": "^6.0.1",
				"responselike": "^2.0.0"
			},
			"dependencies": {
				"get-stream": {
					"version": "5.2.0",
					"resolved": "https://registry.npmjs.org/get-stream/-/get-stream-5.2.0.tgz",
					"integrity": "sha512-nBF+F1rAZVCu/p7rjzgA+Yb4lfYXrpl7a6VmJrU8wF9I1CKvP/QwPNZHnOlwbTkY6dvtFIzFMSyQXbLoTQPRpA==",
					"requires": {
						"pump": "^3.0.0"
					}
				}
			}
		},
		"callsites": {
			"version": "3.1.0",
			"resolved": "https://registry.npmjs.org/callsites/-/callsites-3.1.0.tgz",
			"integrity": "sha512-P8BjAsXvZS+VIDUI11hHCQEv74YT67YUi5JJFNWIqL235sBmjX4+qx9Muvls5ivyNENctx46xQLQ3aTuE7ssaQ=="
		},
		"caniuse-lite": {
			"version": "1.0.30001477",
			"resolved": "https://registry.npmjs.org/caniuse-lite/-/caniuse-lite-1.0.30001477.tgz",
			"integrity": "sha512-lZim4iUHhGcy5p+Ri/G7m84hJwncj+Kz7S5aD4hoQfslKZJgt0tHc/hafVbqHC5bbhHb+mrW2JOUHkI5KH7toQ=="
		},
		"cheerio": {
			"version": "1.0.0-rc.12",
			"resolved": "https://registry.npmjs.org/cheerio/-/cheerio-1.0.0-rc.12.tgz",
			"integrity": "sha512-VqR8m68vM46BNnuZ5NtnGBKIE/DfN0cRIzg9n40EIq9NOv90ayxLBXA8fXC5gquFRGJSTRqBq25Jt2ECLR431Q==",
			"requires": {
				"cheerio-select": "^2.1.0",
				"dom-serializer": "^2.0.0",
				"domhandler": "^5.0.3",
				"domutils": "^3.0.1",
				"htmlparser2": "^8.0.1",
				"parse5": "^7.0.0",
				"parse5-htmlparser2-tree-adapter": "^7.0.0"
			}
		},
		"cheerio-select": {
			"version": "2.1.0",
			"resolved": "https://registry.npmjs.org/cheerio-select/-/cheerio-select-2.1.0.tgz",
			"integrity": "sha512-9v9kG0LvzrlcungtnJtpGNxY+fzECQKhK4EGJX2vByejiMX84MFNQw4UxPJl3bFbTMw+Dfs37XaIkCwTZfLh4g==",
			"requires": {
				"boolbase": "^1.0.0",
				"css-select": "^5.1.0",
				"css-what": "^6.1.0",
				"domelementtype": "^2.3.0",
				"domhandler": "^5.0.3",
				"domutils": "^3.0.1"
			}
		},
		"clone-response": {
			"version": "1.0.3",
			"resolved": "https://registry.npmjs.org/clone-response/-/clone-response-1.0.3.tgz",
			"integrity": "sha512-ROoL94jJH2dUVML2Y/5PEDNaSHgeOdSDicUyS7izcF63G6sTc/FTjLub4b8Il9S8S0beOfYt0TaA5qvFK+w0wA==",
			"requires": {
				"mimic-response": "^1.0.0"
			},
			"dependencies": {
				"mimic-response": {
					"version": "1.0.1",
					"resolved": "https://registry.npmjs.org/mimic-response/-/mimic-response-1.0.1.tgz",
					"integrity": "sha512-j5EctnkH7amfV/q5Hgmoal1g2QHFJRraOtmx0JpIqkxhBhI/lJSl1nMpQ45hVarwNETOoWEimndZ4QK0RHxuxQ=="
				}
			}
		},
		"content-type": {
			"version": "1.0.5",
			"resolved": "https://registry.npmjs.org/content-type/-/content-type-1.0.5.tgz",
			"integrity": "sha512-nTjqfcBFEipKdXCv4YDQWCfmcLZKm81ldF0pAopTvyrFGVbcR6P/VAAd5G7N+0tTr8QqiU0tFadD6FK4NtJwOA=="
		},
		"css-select": {
			"version": "5.1.0",
			"resolved": "https://registry.npmjs.org/css-select/-/css-select-5.1.0.tgz",
			"integrity": "sha512-nwoRF1rvRRnnCqqY7updORDsuqKzqYJ28+oSMaJMMgOauh3fvwHqMS7EZpIPqK8GL+g9mKxF1vP/ZjSeNjEVHg==",
			"requires": {
				"boolbase": "^1.0.0",
				"css-what": "^6.1.0",
				"domhandler": "^5.0.2",
				"domutils": "^3.0.1",
				"nth-check": "^2.0.1"
			}
		},
		"css-what": {
			"version": "6.1.0",
			"resolved": "https://registry.npmjs.org/css-what/-/css-what-6.1.0.tgz",
			"integrity": "sha512-HTUrgRJ7r4dsZKU6GjmpfRK1O76h97Z8MfS1G0FozR+oF2kG6Vfe8JE6zwrkbxigziPHinCJ+gCPjA9EaBDtRw=="
		},
		"csv-stringify": {
			"version": "6.3.0",
			"resolved": "https://registry.npmjs.org/csv-stringify/-/csv-stringify-6.3.0.tgz",
			"integrity": "sha512-kTnnBkkLmAR1G409aUdShppWUClNbBQZXhrKrXzKYBGw4yfROspiFvVmjbKonCrdGfwnqwMXKLQG7ej7K/jwjg=="
		},
		"debug": {
			"version": "4.3.4",
			"resolved": "https://registry.npmjs.org/debug/-/debug-4.3.4.tgz",
			"integrity": "sha512-PRWFHuSU3eDtQJPvnNY7Jcket1j0t5OuOsFzPPzsekD52Zl8qUfFIPEiswXqIvHWGVHOgX+7G/vCNNhehwxfkQ==",
			"requires": {
				"ms": "2.1.2"
			}
		},
		"decompress-response": {
			"version": "6.0.0",
			"resolved": "https://registry.npmjs.org/decompress-response/-/decompress-response-6.0.0.tgz",
			"integrity": "sha512-aW35yZM6Bb/4oJlZncMH2LCoZtJXTRxES17vE3hoRiowU2kWHaJKFkSBDnDR+cm9J+9QhXmREyIfv0pji9ejCQ==",
			"requires": {
				"mimic-response": "^3.1.0"
			}
		},
		"defer-to-connect": {
			"version": "2.0.1",
			"resolved": "https://registry.npmjs.org/defer-to-connect/-/defer-to-connect-2.0.1.tgz",
			"integrity": "sha512-4tvttepXG1VaYGrRibk5EwJd1t4udunSOVMdLSAL6mId1ix438oPwPZMALY41FCijukO1L0twNcGsdzS7dHgDg=="
		},
		"depd": {
			"version": "2.0.0",
			"resolved": "https://registry.npmjs.org/depd/-/depd-2.0.0.tgz",
			"integrity": "sha512-g7nH6P6dyDioJogAAGprGpCtVImJhpPk/roCzdb3fIh61/s/nPsfR6onyMwkCAR/OlC3yBC0lESvUoQEAssIrw=="
		},
		"dom-serializer": {
			"version": "2.0.0",
			"resolved": "https://registry.npmjs.org/dom-serializer/-/dom-serializer-2.0.0.tgz",
			"integrity": "sha512-wIkAryiqt/nV5EQKqQpo3SToSOV9J0DnbJqwK7Wv/Trc92zIAYZ4FlMu+JPFW1DfGFt81ZTCGgDEabffXeLyJg==",
			"requires": {
				"domelementtype": "^2.3.0",
				"domhandler": "^5.0.2",
				"entities": "^4.2.0"
			}
		},
		"domelementtype": {
			"version": "2.3.0",
			"resolved": "https://registry.npmjs.org/domelementtype/-/domelementtype-2.3.0.tgz",
			"integrity": "sha512-OLETBj6w0OsagBwdXnPdN0cnMfF9opN69co+7ZrbfPGrdpPVNBUj02spi6B1N7wChLQiPn4CSH/zJvXw56gmHw=="
		},
		"domhandler": {
			"version": "5.0.3",
			"resolved": "https://registry.npmjs.org/domhandler/-/domhandler-5.0.3.tgz",
			"integrity": "sha512-cgwlv/1iFQiFnU96XXgROh8xTeetsnJiDsTc7TYCLFd9+/WNkIqPTxiM/8pSd8VIrhXGTf1Ny1q1hquVqDJB5w==",
			"requires": {
				"domelementtype": "^2.3.0"
			}
		},
		"domutils": {
			"version": "3.0.1",
			"resolved": "https://registry.npmjs.org/domutils/-/domutils-3.0.1.tgz",
			"integrity": "sha512-z08c1l761iKhDFtfXO04C7kTdPBLi41zwOZl00WS8b5eiaebNpY00HKbztwBq+e3vyqWNwWF3mP9YLUeqIrF+Q==",
			"requires": {
				"dom-serializer": "^2.0.0",
				"domelementtype": "^2.3.0",
				"domhandler": "^5.0.1"
			}
		},
		"dot-prop": {
			"version": "6.0.1",
			"resolved": "https://registry.npmjs.org/dot-prop/-/dot-prop-6.0.1.tgz",
			"integrity": "sha512-tE7ztYzXHIeyvc7N+hR3oi7FIbf/NIjVP9hmAt3yMXzrQ072/fpjGLx2GxNxGxUl5V73MEqYzioOMoVhGMJ5cA==",
			"requires": {
				"is-obj": "^2.0.0"
			}
		},
		"duplexer": {
			"version": "0.1.2",
			"resolved": "https://registry.npmjs.org/duplexer/-/duplexer-0.1.2.tgz",
			"integrity": "sha512-jtD6YG370ZCIi/9GTaJKQxWTZD045+4R4hTk/x1UyoqadyJ9x9CgSi1RlVDQF8U2sxLLSnFkCaMihqljHIWgMg=="
		},
		"electron-to-chromium": {
			"version": "1.4.356",
			"resolved": "https://registry.npmjs.org/electron-to-chromium/-/electron-to-chromium-1.4.356.tgz",
			"integrity": "sha512-nEftV1dRX3omlxAj42FwqRZT0i4xd2dIg39sog/CnCJeCcL1TRd2Uh0i9Oebgv8Ou0vzTPw++xc+Z20jzS2B6A=="
		},
		"end-of-stream": {
			"version": "1.4.4",
			"resolved": "https://registry.npmjs.org/end-of-stream/-/end-of-stream-1.4.4.tgz",
			"integrity": "sha512-+uw1inIHVPQoaVuHzRyXd21icM+cnt4CzD5rW+NC1wjOUSTOs+Te7FOv7AhN7vS9x/oIyhLP5PR1H+phQAHu5Q==",
			"requires": {
				"once": "^1.4.0"
			}
		},
		"entities": {
			"version": "4.4.0",
			"resolved": "https://registry.npmjs.org/entities/-/entities-4.4.0.tgz",
			"integrity": "sha512-oYp7156SP8LkeGD0GF85ad1X9Ai79WtRsZ2gxJqtBuzH+98YUV6jkHEKlZkMbcrjJjIVJNIDP/3WL9wQkoPbWA=="
		},
		"escalade": {
			"version": "3.1.1",
			"resolved": "https://registry.npmjs.org/escalade/-/escalade-3.1.1.tgz",
			"integrity": "sha512-k0er2gUkLf8O0zKJiAhmkTnJlTvINGv7ygDNPbeIsX/TJjGJZHuh9B2UxbsaEkmlEo9MfhrSzmhIlhRlI2GXnw=="
		},
		"event-stream": {
			"version": "3.3.4",
			"resolved": "https://registry.npmjs.org/event-stream/-/event-stream-3.3.4.tgz",
			"integrity": "sha512-QHpkERcGsR0T7Qm3HNJSyXKEEj8AHNxkY3PK8TS2KJvQ7NiSHe3DDpwVKKtoYprL/AreyzFBeIkBIWChAqn60g==",
			"requires": {
				"duplexer": "~0.1.1",
				"from": "~0",
				"map-stream": "~0.1.0",
				"pause-stream": "0.0.11",
				"split": "0.3",
				"stream-combiner": "~0.0.4",
				"through": "~2.3.1"
			}
		},
		"fast-deep-equal": {
			"version": "3.1.3",
			"resolved": "https://registry.npmjs.org/fast-deep-equal/-/fast-deep-equal-3.1.3.tgz",
			"integrity": "sha512-f3qQ9oQy9j2AhBe/H9VC91wLmKBCCU/gDOnKNAYG5hswO7BLKj09Hc5HYNz9cGI++xlpDCIgDaitVs03ATR84Q=="
		},
		"follow-redirects": {
			"version": "1.15.2",
			"resolved": "https://registry.npmjs.org/follow-redirects/-/follow-redirects-1.15.2.tgz",
			"integrity": "sha512-VQLG33o04KaQ8uYi2tVNbdrWp1QWxNNea+nmIB4EVM28v0hmP17z7aG1+wAkNzVq4KeXTq3221ye5qTJP91JwA=="
		},
		"form-data-encoder": {
			"version": "1.7.2",
			"resolved": "https://registry.npmjs.org/form-data-encoder/-/form-data-encoder-1.7.2.tgz",
			"integrity": "sha512-qfqtYan3rxrnCk1VYaA4H+Ms9xdpPqvLZa6xmMgFvhO32x7/3J/ExcTd6qpxM0vH2GdMI+poehyBZvqfMTto8A=="
		},
		"from": {
			"version": "0.1.7",
			"resolved": "https://registry.npmjs.org/from/-/from-0.1.7.tgz",
			"integrity": "sha512-twe20eF1OxVxp/ML/kq2p1uc6KvFK/+vs8WjEbeKmV2He22MKm7YF2ANIt+EOqhJ5L3K/SuuPhk0hWQDjOM23g=="
		},
		"fs-extra": {
			"version": "11.1.1",
			"resolved": "https://registry.npmjs.org/fs-extra/-/fs-extra-11.1.1.tgz",
			"integrity": "sha512-MGIE4HOvQCeUCzmlHs0vXpih4ysz4wg9qiSAu6cd42lVwPbTM1TjV7RusoyQqMmk/95gdQZX72u+YW+c3eEpFQ==",
			"requires": {
				"graceful-fs": "^4.2.0",
				"jsonfile": "^6.0.1",
				"universalify": "^2.0.0"
			}
		},
		"generative-bayesian-network": {
			"version": "2.1.20",
			"resolved": "https://registry.npmjs.org/generative-bayesian-network/-/generative-bayesian-network-2.1.20.tgz",
			"integrity": "sha512-WcWY2xw1v/HxxD158aUZgHxt2j4CEx/Q562SzuJRBqL+arRgEuY1Pt2vP6uIKk1HSU4A1S0KKQ+imqK0W3mFag==",
			"requires": {
				"adm-zip": "^0.5.9",
				"tslib": "^2.4.0"
			}
		},
		"get-stream": {
			"version": "6.0.1",
			"resolved": "https://registry.npmjs.org/get-stream/-/get-stream-6.0.1.tgz",
			"integrity": "sha512-ts6Wi+2j3jQjqi70w5AlN8DFnkSwC+MqmxEzdEALB2qXZYV3X/b1CTfgPLGJNMeAWxdPfU8FO1ms3NUfaHCPYg=="
		},
		"got-cjs": {
			"version": "12.5.4",
			"resolved": "https://registry.npmjs.org/got-cjs/-/got-cjs-12.5.4.tgz",
			"integrity": "sha512-Uas6lAsP8bRCt5WXGMhjFf/qEHTrm4v4qxGR02rLG2kdG9qedctvlkdwXVcDJ7Cs84X+r4dPU7vdwGjCaspXug==",
			"requires": {
				"@sindresorhus/is": "4.6.0",
				"@szmarczak/http-timer": "4.0.6",
				"@types/responselike": "1.0.0",
				"cacheable-lookup": "6.1.0",
				"cacheable-request": "7.0.2",
				"decompress-response": "^6.0.0",
				"form-data-encoder": "1.7.2",
				"get-stream": "^6.0.1",
				"http2-wrapper": "^2.1.10",
				"lowercase-keys": "2.0.0",
				"p-cancelable": "2.1.1",
				"responselike": "2.0.1"
			}
		},
		"got-scraping": {
			"version": "3.2.13",
			"resolved": "https://registry.npmjs.org/got-scraping/-/got-scraping-3.2.13.tgz",
			"integrity": "sha512-IAy5hufJP1VQT8FYhiUEZPhItTXvr9nGk3TCnyJd6h6ZCyo9y+M14yLVkHspuIMEXlLzELObi1IRqB/9Q8EU2w==",
			"requires": {
				"got-cjs": "12.5.4",
				"header-generator": "^2.1.3",
				"http2-wrapper": "^2.1.11",
				"mimic-response": "^3.1.0",
				"ow": "^0.28.1",
				"quick-lru": "^5.1.1",
				"tslib": "^2.4.0"
			}
		},
		"graceful-fs": {
			"version": "4.2.11",
			"resolved": "https://registry.npmjs.org/graceful-fs/-/graceful-fs-4.2.11.tgz",
			"integrity": "sha512-RbJ5/jmFcNNCcDV5o9eTnBLJ/HszWV0P73bc+Ff4nS/rJj+YaS6IGyiOL0VoBYX+l1Wrl3k63h/KrH+nhJ0XvQ=="
		},
		"header-generator": {
			"version": "2.1.21",
			"resolved": "https://registry.npmjs.org/header-generator/-/header-generator-2.1.21.tgz",
			"integrity": "sha512-adLwOvgbGlDF3EGQUz4vH3T3vgJxWYJ8AF1/vI9/D9S1bfSKwdUz9VCss8OcfHHzHw9MgTJtfav828wYM6cDIQ==",
			"requires": {
				"browserslist": "^4.21.1",
				"generative-bayesian-network": "^2.1.20",
				"ow": "^0.28.1",
				"tslib": "^2.4.0"
			}
		},
		"htmlparser2": {
			"version": "8.0.2",
			"resolved": "https://registry.npmjs.org/htmlparser2/-/htmlparser2-8.0.2.tgz",
			"integrity": "sha512-GYdjWKDkbRLkZ5geuHs5NY1puJ+PXwP7+fHPRz06Eirsb9ugf6d8kkXav6ADhcODhFFPMIXyxkxSuMf3D6NCFA==",
			"requires": {
				"domelementtype": "^2.3.0",
				"domhandler": "^5.0.3",
				"domutils": "^3.0.1",
				"entities": "^4.4.0"
			}
		},
		"http-cache-semantics": {
			"version": "4.1.1",
			"resolved": "https://registry.npmjs.org/http-cache-semantics/-/http-cache-semantics-4.1.1.tgz",
			"integrity": "sha512-er295DKPVsV82j5kw1Gjt+ADA/XYHsajl82cGNQG2eyoPkvgUhX+nDIyelzhIWbbsXP39EHcI6l5tYs2FYqYXQ=="
		},
		"http2-wrapper": {
			"version": "2.2.0",
			"resolved": "https://registry.npmjs.org/http2-wrapper/-/http2-wrapper-2.2.0.tgz",
			"integrity": "sha512-kZB0wxMo0sh1PehyjJUWRFEd99KC5TLjZ2cULC4f9iqJBAmKQQXEICjxl5iPJRwP40dpeHFqqhm7tYCvODpqpQ==",
			"requires": {
				"quick-lru": "^5.1.1",
				"resolve-alpn": "^1.2.0"
			}
		},
		"humanize-ms": {
			"version": "1.2.1",
			"resolved": "https://registry.npmjs.org/humanize-ms/-/humanize-ms-1.2.1.tgz",
			"integrity": "sha512-Fl70vYtsAFb/C06PTS9dZBo7ihau+Tu/DNCk/OyHhea07S+aeMWpFFkUaXRa8fI+ScZbEI8dfSxwY7gxZ9SAVQ==",
			"requires": {
				"ms": "^2.0.0"
			}
		},
		"is-obj": {
			"version": "2.0.0",
			"resolved": "https://registry.npmjs.org/is-obj/-/is-obj-2.0.0.tgz",
			"integrity": "sha512-drqDG3cbczxxEJRoOXcOjtdp1J/lyp1mNn0xaznRs8+muBhgQcrnbspox5X5fOw0HnMnbfDzvnEMEtqDEJEo8w=="
		},
		"json-buffer": {
			"version": "3.0.1",
			"resolved": "https://registry.npmjs.org/json-buffer/-/json-buffer-3.0.1.tgz",
			"integrity": "sha512-4bV5BfR2mqfQTJm+V5tPPdf+ZpuhiIvTuAB5g8kcrXOZpTT/QwwVRWBywX1ozr6lEuPdbHxwaJlm9G6mI2sfSQ=="
		},
		"json5": {
			"version": "2.2.3",
			"resolved": "https://registry.npmjs.org/json5/-/json5-2.2.3.tgz",
			"integrity": "sha512-XmOWe7eyHYH14cLdVPoyg+GOH3rYX++KpzrylJwSW98t3Nk+U8XOl8FWKOgwtzdb8lXGf6zYwDUzeHMWfxasyg=="
		},
		"jsonfile": {
			"version": "6.1.0",
			"resolved": "https://registry.npmjs.org/jsonfile/-/jsonfile-6.1.0.tgz",
			"integrity": "sha512-5dgndWOriYSm5cnYaJNhalLNDKOqFwyDB/rr1E9ZsGciGvKPs8R2xYGCacuf3z6K1YKDz182fd+fY3cn3pMqXQ==",
			"requires": {
				"graceful-fs": "^4.1.6",
				"universalify": "^2.0.0"
			}
		},
		"keyv": {
			"version": "4.5.2",
			"resolved": "https://registry.npmjs.org/keyv/-/keyv-4.5.2.tgz",
			"integrity": "sha512-5MHbFaKn8cNSmVW7BYnijeAVlE4cYA/SVkifVgrh7yotnfhKmjuXpDKjrABLnT0SfHWV21P8ow07OGfRrNDg8g==",
			"requires": {
				"json-buffer": "3.0.1"
			}
		},
		"lodash": {
			"version": "4.17.21",
			"resolved": "https://registry.npmjs.org/lodash/-/lodash-4.17.21.tgz",
			"integrity": "sha512-v2kDEe57lecTulaDIuNTPy3Ry4gLGJ6Z1O3vE1krgXZNrsQ+LFTGHVxVjcXPs17LhbZVGedAJv8XZ1tvj5FvSg=="
		},
		"lodash.isequal": {
			"version": "4.5.0",
			"resolved": "https://registry.npmjs.org/lodash.isequal/-/lodash.isequal-4.5.0.tgz",
			"integrity": "sha512-pDo3lu8Jhfjqls6GkMgpahsF9kCyayhgykjyLMNFTKWrpVdAQtYyB4muAMWozBB4ig/dtWAmsMxLEI8wuz+DYQ=="
		},
		"lowercase-keys": {
			"version": "2.0.0",
			"resolved": "https://registry.npmjs.org/lowercase-keys/-/lowercase-keys-2.0.0.tgz",
			"integrity": "sha512-tqNXrS78oMOE73NMxK4EMLQsQowWf8jKooH9g7xPavRT706R6bkQJ6DY2Te7QukaZsulxa30wQ7bk0pm4XiHmA=="
		},
		"lru-cache": {
			"version": "6.0.0",
			"resolved": "https://registry.npmjs.org/lru-cache/-/lru-cache-6.0.0.tgz",
			"integrity": "sha512-Jo6dJ04CmSjuznwJSS3pUeWmd/H0ffTlkXXgwZi+eq1UCmqQwCh+eLsYOYCwY991i2Fah4h1BEMCx4qThGbsiA==",
			"requires": {
				"yallist": "^4.0.0"
			}
		},
		"map-stream": {
			"version": "0.1.0",
			"resolved": "https://registry.npmjs.org/map-stream/-/map-stream-0.1.0.tgz",
			"integrity": "sha512-CkYQrPYZfWnu/DAmVCpTSX/xHpKZ80eKh2lAkyA6AJTef6bW+6JpbQZN5rofum7da+SyN1bi5ctTm+lTfcCW3g=="
		},
		"mime-db": {
			"version": "1.52.0",
			"resolved": "https://registry.npmjs.org/mime-db/-/mime-db-1.52.0.tgz",
			"integrity": "sha512-sPU4uV7dYlvtWJxwwxHD0PuihVNiE7TyAbQ5SWxDCB9mUYvOgroQOwYQQOKPJ8CIbE+1ETVlOoK1UC2nU3gYvg=="
		},
		"mime-types": {
			"version": "2.1.35",
			"resolved": "https://registry.npmjs.org/mime-types/-/mime-types-2.1.35.tgz",
			"integrity": "sha512-ZDY+bPm5zTTF+YpCrAU9nK0UgICYPT0QtT1NZWFv4s++TNkcgVaT0g6+4R2uI4MjQjzysHB1zxuWL50hzaeXiw==",
			"requires": {
				"mime-db": "1.52.0"
			}
		},
		"mimic-response": {
			"version": "3.1.0",
			"resolved": "https://registry.npmjs.org/mimic-response/-/mimic-response-3.1.0.tgz",
			"integrity": "sha512-z0yWI+4FDrrweS8Zmt4Ej5HdJmky15+L2e6Wgn3+iK5fWzb6T3fhNFq2+MeTRb064c6Wr4N/wv0DzQTjNzHNGQ=="
		},
		"minimatch": {
			"version": "7.4.6",
			"resolved": "https://registry.npmjs.org/minimatch/-/minimatch-7.4.6.tgz",
			"integrity": "sha512-sBz8G/YjVniEz6lKPNpKxXwazJe4c19fEfV2GDMX6AjFz+MX9uDWIZW8XreVhkFW3fkIdTv/gxWr/Kks5FFAVw==",
			"requires": {
				"brace-expansion": "^2.0.1"
			}
		},
		"ms": {
			"version": "2.1.2",
			"resolved": "https://registry.npmjs.org/ms/-/ms-2.1.2.tgz",
			"integrity": "sha512-sGkPx+VjMtmA6MX27oA4FBFELFCZZ4S4XqeGOXCv68tT+jb3vk/RyaKWP0PTKyWtmLSM0b+adUTEvbs1PEaH2w=="
		},
		"node-releases": {
			"version": "2.0.10",
			"resolved": "https://registry.npmjs.org/node-releases/-/node-releases-2.0.10.tgz",
			"integrity": "sha512-5GFldHPXVG/YZmFzJvKK2zDSzPKhEp0+ZR5SVaoSag9fsL5YgHbUHDfnG5494ISANDcK4KwPXAx2xqVEydmd7w=="
		},
		"normalize-url": {
			"version": "6.1.0",
			"resolved": "https://registry.npmjs.org/normalize-url/-/normalize-url-6.1.0.tgz",
			"integrity": "sha512-DlL+XwOy3NxAQ8xuC0okPgK46iuVNAK01YN7RueYBqqFeGsBjV9XmCAzAdgt+667bCl5kPh9EqKKDwnaPG1I7A=="
		},
		"nth-check": {
			"version": "2.1.1",
			"resolved": "https://registry.npmjs.org/nth-check/-/nth-check-2.1.1.tgz",
			"integrity": "sha512-lqjrjmaOoAnWfMmBPL+XNnynZh2+swxiX3WUE0s4yEHI6m+AwrK2UZOimIRl3X/4QctVqS8AiZjFqyOGrMXb/w==",
			"requires": {
				"boolbase": "^1.0.0"
			}
		},
		"once": {
			"version": "1.4.0",
			"resolved": "https://registry.npmjs.org/once/-/once-1.4.0.tgz",
			"integrity": "sha512-lNaJgI+2Q5URQBkccEKHTQOPaXdUxnZZElQTZY0MFUAuaEqe1E+Nyvgdz/aIyNi6Z9MzO5dv1H8n58/GELp3+w==",
			"requires": {
				"wrappy": "1"
			}
		},
		"ow": {
			"version": "0.28.2",
			"resolved": "https://registry.npmjs.org/ow/-/ow-0.28.2.tgz",
			"integrity": "sha512-dD4UpyBh/9m4X2NVjA+73/ZPBRF+uF4zIMFvvQsabMiEK8x41L3rQ8EENOi35kyyoaJwNxEeJcP6Fj1H4U409Q==",
			"requires": {
				"@sindresorhus/is": "^4.2.0",
				"callsites": "^3.1.0",
				"dot-prop": "^6.0.1",
				"lodash.isequal": "^4.5.0",
				"vali-date": "^1.0.0"
			}
		},
		"p-cancelable": {
			"version": "2.1.1",
			"resolved": "https://registry.npmjs.org/p-cancelable/-/p-cancelable-2.1.1.tgz",
			"integrity": "sha512-BZOr3nRQHOntUjTrH8+Lh54smKHoHyur8We1V8DSMVrl5A2malOOwuJRnKRDjSnkoeBh4at6BwEnb5I7Jl31wg=="
		},
		"parse5": {
			"version": "7.1.2",
			"resolved": "https://registry.npmjs.org/parse5/-/parse5-7.1.2.tgz",
			"integrity": "sha512-Czj1WaSVpaoj0wbhMzLmWD69anp2WH7FXMB9n1Sy8/ZFF9jolSQVMu1Ij5WIyGmcBmhk7EOndpO4mIpihVqAXw==",
			"requires": {
				"entities": "^4.4.0"
			}
		},
		"parse5-htmlparser2-tree-adapter": {
			"version": "7.0.0",
			"resolved": "https://registry.npmjs.org/parse5-htmlparser2-tree-adapter/-/parse5-htmlparser2-tree-adapter-7.0.0.tgz",
			"integrity": "sha512-B77tOZrqqfUfnVcOrUvfdLbz4pu4RopLD/4vmu3HUPswwTA8OH0EMW9BlWR2B0RCoiZRAHEUu7IxeP1Pd1UU+g==",
			"requires": {
				"domhandler": "^5.0.2",
				"parse5": "^7.0.0"
			}
		},
		"pause-stream": {
			"version": "0.0.11",
			"resolved": "https://registry.npmjs.org/pause-stream/-/pause-stream-0.0.11.tgz",
			"integrity": "sha512-e3FBlXLmN/D1S+zHzanP4E/4Z60oFAa3O051qt1pxa7DEJWKAyil6upYVXCWadEnuoqa4Pkc9oUx9zsxYeRv8A==",
			"requires": {
				"through": "~2.3"
			}
		},
		"picocolors": {
			"version": "1.0.0",
			"resolved": "https://registry.npmjs.org/picocolors/-/picocolors-1.0.0.tgz",
			"integrity": "sha512-1fygroTLlHu66zi26VoTDv8yRgm0Fccecssto+MhsZ0D/DGW2sm8E8AjW7NU5VVTRt5GxbeZ5qBuJr+HyLYkjQ=="
		},
		"proper-lockfile": {
			"version": "4.1.2",
			"resolved": "https://registry.npmjs.org/proper-lockfile/-/proper-lockfile-4.1.2.tgz",
			"integrity": "sha512-TjNPblN4BwAWMXU8s9AEz4JmQxnD1NNL7bNOY/AKUzyamc379FWASUhc/K1pL2noVb+XmZKLL68cjzLsiOAMaA==",
			"requires": {
				"graceful-fs": "^4.2.4",
				"retry": "^0.12.0",
				"signal-exit": "^3.0.2"
			}
		},
		"psl": {
			"version": "1.9.0",
			"resolved": "https://registry.npmjs.org/psl/-/psl-1.9.0.tgz",
			"integrity": "sha512-E/ZsdU4HLs/68gYzgGTkMicWTLPdAftJLfJFlLUAAKZGkStNU72sZjT66SnMDVOfOWY/YAoiD7Jxa9iHvngcag=="
		},
		"pump": {
			"version": "3.0.0",
			"resolved": "https://registry.npmjs.org/pump/-/pump-3.0.0.tgz",
			"integrity": "sha512-LwZy+p3SFs1Pytd/jYct4wpv49HiYCqd9Rlc5ZVdk0V+8Yzv6jR5Blk3TRmPL1ft69TxP0IMZGJ+WPFU2BFhww==",
			"requires": {
				"end-of-stream": "^1.1.0",
				"once": "^1.3.1"
			}
		},
		"punycode": {
			"version": "2.3.0",
			"resolved": "https://registry.npmjs.org/punycode/-/punycode-2.3.0.tgz",
			"integrity": "sha512-rRV+zQD8tVFys26lAGR9WUuS4iUAngJScM+ZRSKtvl5tKeZ2t5bvdNFdNHBW9FWR4guGHlgmsZ1G7BSm2wTbuA=="
		},
		"querystringify": {
			"version": "2.2.0",
			"resolved": "https://registry.npmjs.org/querystringify/-/querystringify-2.2.0.tgz",
			"integrity": "sha512-FIqgj2EUvTa7R50u0rGsyTftzjYmv/a3hO345bZNrqabNqjtgiDMgmo4mkUjd+nzU5oF3dClKqFIPUKybUyqoQ=="
		},
		"quick-lru": {
			"version": "5.1.1",
			"resolved": "https://registry.npmjs.org/quick-lru/-/quick-lru-5.1.1.tgz",
			"integrity": "sha512-WuyALRjWPDGtt/wzJiadO5AXY+8hZ80hVpe6MyivgraREW751X3SbhRvG3eLKOYN+8VEvqLcf3wdnt44Z4S4SA=="
		},
		"requires-port": {
			"version": "1.0.0",
			"resolved": "https://registry.npmjs.org/requires-port/-/requires-port-1.0.0.tgz",
			"integrity": "sha512-KigOCHcocU3XODJxsu8i/j8T9tzT4adHiecwORRQ0ZZFcp7ahwXuRU1m+yuO90C5ZUyGeGfocHDI14M3L3yDAQ=="
		},
		"resolve-alpn": {
			"version": "1.2.1",
			"resolved": "https://registry.npmjs.org/resolve-alpn/-/resolve-alpn-1.2.1.tgz",
			"integrity": "sha512-0a1F4l73/ZFZOakJnQ3FvkJ2+gSTQWz/r2KE5OdDY0TxPm5h4GkqkWWfM47T7HsbnOtcJVEF4epCVy6u7Q3K+g=="
		},
		"responselike": {
			"version": "2.0.1",
			"resolved": "https://registry.npmjs.org/responselike/-/responselike-2.0.1.tgz",
			"integrity": "sha512-4gl03wn3hj1HP3yzgdI7d3lCkF95F21Pz4BPGvKHinyQzALR5CapwC8yIi0Rh58DEMQ/SguC03wFj2k0M/mHhw==",
			"requires": {
				"lowercase-keys": "^2.0.0"
			}
		},
		"retry": {
			"version": "0.12.0",
			"resolved": "https://registry.npmjs.org/retry/-/retry-0.12.0.tgz",
			"integrity": "sha512-9LkiTwjUh6rT555DtE9rTX+BKByPfrMzEAtnlEtdEwr3Nkffwiihqe2bWADg+OQRjt9gl6ICdmB/ZFDCGAtSow=="
		},
		"semver": {
			"version": "7.3.8",
			"resolved": "https://registry.npmjs.org/semver/-/semver-7.3.8.tgz",
			"integrity": "sha512-NB1ctGL5rlHrPJtFDVIVzTyQylMLu9N9VICA6HSFJo8MCGVTMW6gfpicwKmmK/dAjTOrqu5l63JJOpDSrAis3A==",
			"requires": {
				"lru-cache": "^6.0.0"
			}
		},
		"signal-exit": {
			"version": "3.0.7",
			"resolved": "https://registry.npmjs.org/signal-exit/-/signal-exit-3.0.7.tgz",
			"integrity": "sha512-wnD2ZE+l+SPC/uoS0vXeE9L1+0wuaMqKlfz9AMUo38JsyLSBWSFcHR1Rri62LZc12vLr1gb3jl7iwQhgwpAbGQ=="
		},
		"split": {
			"version": "0.3.3",
			"resolved": "https://registry.npmjs.org/split/-/split-0.3.3.tgz",
			"integrity": "sha512-wD2AeVmxXRBoX44wAycgjVpMhvbwdI2aZjCkvfNcH1YqHQvJVa1duWc73OyVGJUc05fhFaTZeQ/PYsrmyH0JVA==",
			"requires": {
				"through": "2"
			}
		},
		"stream-chain": {
			"version": "2.2.5",
			"resolved": "https://registry.npmjs.org/stream-chain/-/stream-chain-2.2.5.tgz",
			"integrity": "sha512-1TJmBx6aSWqZ4tx7aTpBDXK0/e2hhcNSTV8+CbFJtDjbb+I1mZ8lHit0Grw9GRT+6JbIrrDd8esncgBi8aBXGA=="
		},
		"stream-combiner": {
			"version": "0.0.4",
			"resolved": "https://registry.npmjs.org/stream-combiner/-/stream-combiner-0.0.4.tgz",
			"integrity": "sha512-rT00SPnTVyRsaSz5zgSPma/aHSOic5U1prhYdRy5HS2kTZviFpmDgzilbtsJsxiroqACmayynDN/9VzIbX5DOw==",
			"requires": {
				"duplexer": "~0.1.1"
			}
		},
		"stream-json": {
			"version": "1.7.5",
			"resolved": "https://registry.npmjs.org/stream-json/-/stream-json-1.7.5.tgz",
			"integrity": "sha512-NSkoVduGakxZ8a+pTPUlcGEeAGQpWL9rKJhOFCV+J/QtdQUEU5vtBgVg6eJXn8JB8RZvpbJWZGvXkhz70MLWoA==",
			"requires": {
				"stream-chain": "^2.2.5"
			}
		},
		"through": {
			"version": "2.3.8",
			"resolved": "https://registry.npmjs.org/through/-/through-2.3.8.tgz",
			"integrity": "sha512-w89qg7PI8wAdvX60bMDP+bFoD5Dvhm9oLheFp5O4a2QF0cSBGsBX4qZmadPMvVqlLJBBci+WqGGOAPvcDeNSVg=="
		},
		"tldts": {
			"version": "5.7.112",
			"resolved": "https://registry.npmjs.org/tldts/-/tldts-5.7.112.tgz",
			"integrity": "sha512-6VSJ/C0uBtc2PQlLsp4IT8MIk2UUh6qVeXB1HZtK+0HiXlAPzNcfF3p2WM9RqCO/2X1PIa4danlBLPoC2/Tc7A==",
			"requires": {
				"tldts-core": "^5.7.112"
			}
		},
		"tldts-core": {
			"version": "5.7.112",
			"resolved": "https://registry.npmjs.org/tldts-core/-/tldts-core-5.7.112.tgz",
			"integrity": "sha512-mutrEUgG2sp0e/MIAnv9TbSLR0IPbvmAImpzqul5O/HJ2XM1/I1sajchQ/fbj0fPdA31IiuWde8EUhfwyldY1Q=="
		},
		"tough-cookie": {
			"version": "4.1.2",
			"resolved": "https://registry.npmjs.org/tough-cookie/-/tough-cookie-4.1.2.tgz",
			"integrity": "sha512-G9fqXWoYFZgTc2z8Q5zaHy/vJMjm+WV0AkAeHxVCQiEB1b+dGvWzFW6QV07cY5jQ5gRkeid2qIkzkxUnmoQZUQ==",
			"requires": {
				"psl": "^1.1.33",
				"punycode": "^2.1.1",
				"universalify": "^0.2.0",
				"url-parse": "^1.5.3"
			},
			"dependencies": {
				"universalify": {
					"version": "0.2.0",
					"resolved": "https://registry.npmjs.org/universalify/-/universalify-0.2.0.tgz",
					"integrity": "sha512-CJ1QgKmNg3CwvAv/kOFmtnEN05f0D/cn9QntgNOQlQF9dgvVTHj3t+8JPdjqawCHk7V/KA+fbUqzZ9XWhcqPUg=="
				}
			}
		},
		"tslib": {
			"version": "2.5.0",
			"resolved": "https://registry.npmjs.org/tslib/-/tslib-2.5.0.tgz",
			"integrity": "sha512-336iVw3rtn2BUK7ORdIAHTyxHGRIHVReokCR3XjbckJMK7ms8FysBfhLR8IXnAgy7T0PTPNBWKiH514FOW/WSg=="
		},
		"type-fest": {
			"version": "3.8.0",
			"resolved": "https://registry.npmjs.org/type-fest/-/type-fest-3.8.0.tgz",
			"integrity": "sha512-FVNSzGQz9Th+/9R6Lvv7WIAkstylfHN2/JYxkyhhmKFYh9At2DST8t6L6Lref9eYO8PXFTfG9Sg1Agg0K3vq3Q=="
		},
		"universalify": {
			"version": "2.0.0",
			"resolved": "https://registry.npmjs.org/universalify/-/universalify-2.0.0.tgz",
			"integrity": "sha512-hAZsKq7Yy11Zu1DE0OzWjw7nnLZmJZYTDZZyEFHZdUhV8FkH5MCfoU1XMaxXovpyW5nq5scPqq0ZDP9Zyl04oQ=="
		},
		"update-browserslist-db": {
			"version": "1.0.10",
			"resolved": "https://registry.npmjs.org/update-browserslist-db/-/update-browserslist-db-1.0.10.tgz",
			"integrity": "sha512-OztqDenkfFkbSG+tRxBeAnCVPckDBcvibKd35yDONx6OU8N7sqgwc7rCbkJ/WcYtVRZ4ba68d6byhC21GFh7sQ==",
			"requires": {
				"escalade": "^3.1.1",
				"picocolors": "^1.0.0"
			}
		},
		"url-parse": {
			"version": "1.5.10",
			"resolved": "https://registry.npmjs.org/url-parse/-/url-parse-1.5.10.tgz",
			"integrity": "sha512-WypcfiRhfeUP9vvF0j6rw0J3hrWrw6iZv3+22h6iRMJ/8z1Tj6XfLP4DsUix5MhMPnXpiHDoKyoZ/bdCkwBCiQ==",
			"requires": {
				"querystringify": "^2.1.1",
				"requires-port": "^1.0.0"
			}
		},
		"vali-date": {
			"version": "1.0.0",
			"resolved": "https://registry.npmjs.org/vali-date/-/vali-date-1.0.0.tgz",
			"integrity": "sha512-sgECfZthyaCKW10N0fm27cg8HYTFK5qMWgypqkXMQ4Wbl/zZKx7xZICgcoxIIE+WFAP/MBL2EFwC/YvLxw3Zeg=="
		},
		"wrappy": {
			"version": "1.0.2",
			"resolved": "https://registry.npmjs.org/wrappy/-/wrappy-1.0.2.tgz",
			"integrity": "sha512-l4Sp/DRseor9wL6EvV2+TuQn63dMkPjZ/sp9XkghTEbV9KlPS1xUsZ3u7/IQO4wxtcFB4bgpQPRcR3QCvezPcQ=="
		},
		"ws": {
			"version": "7.5.9",
			"resolved": "https://registry.npmjs.org/ws/-/ws-7.5.9.tgz",
			"integrity": "sha512-F+P9Jil7UiSKSkppIiD94dN07AwvFixvLIj1Og1Rl9GGMuNipJnV9JzjD6XuqmAeiswGvUmNLjr5cFuXwNS77Q=="
		},
		"yallist": {
			"version": "4.0.0",
			"resolved": "https://registry.npmjs.org/yallist/-/yallist-4.0.0.tgz",
			"integrity": "sha512-3wdGidZyq5PB084XLES5TpOSRA3wjXAlIWMhum2kRcv/41Sn2emQ0dycQW4uZXLejwKvg6EsvbdlVL+FYEct7A=="
		}
	}
}
